
Microsoft Visual Studio Solution File, Format Version 12.00
# Visual Studio Version 17
VisualStudioVersion = 17.1.32328.378
MinimumVisualStudioVersion = 10.0.40219.1
Project("{FAE04EC0-301F-11D3-BF4B-00C04F79EFBC}") = "FindAndCopyDamagedImages", "FindAndCopyDamagedImages\FindAndCopyDamagedImages.csproj", "{F748D7CB-9BAE-42CF-8696-2BF9790D1193}"
EndProject
Global
	GlobalSection(SolutionConfigurationPlatforms) = preSolution
		Debug|Any CPU = Debug|Any CPU
		Release|Any CPU = Release|Any CPU
	EndGlobalSection
	GlobalSection(ProjectConfigurationPlatforms) = postSolution
		{F748D7CB-9BAE-42CF-8696-2BF9790D1193}.Debug|Any CPU.ActiveCfg = Debug|Any CPU
		{F748D7CB-9BAE-42CF-8696-2BF9790D1193}.Debug|Any CPU.Build.0 = Debug|Any CPU
		{F748D7CB-9BAE-42CF-8696-2BF9790D1193}.Release|Any CPU.ActiveCfg = Release|Any CPU
		{F748D7CB-9BAE-42CF-8696-2BF9790D1193}.Release|Any CPU.Build.0 = Release|Any CPU
	EndGlobalSection
	GlobalSection(SolutionProperties) = preSolution
		HideSolutionNode = FALSE
	EndGlobalSection
	GlobalSection(ExtensibilityGlobals) = postSolution
		SolutionGuid = {2F111F2E-E01D-4403-A2A8-4BA9263C99ED}
	EndGlobalSection
EndGlobal
